
Microsoft Visual Studio Solution File, Format Version 12.00
# Visual Studio Version 16
VisualStudioVersion = 16.0.31321.278
MinimumVisualStudioVersion = 10.0.40219.1
Project("{FAE04EC0-301F-11D3-BF4B-00C04F79EFBC}") = "AutoClick", "AutoClick.csproj", "{7313E317-59D9-4ADB-9656-88DA71AF7132}"
EndProject
Global
	GlobalSection(SolutionConfigurationPlatforms) = preSolution
		Debug|Any CPU = Debug|Any CPU
		Release|Any CPU = Release|Any CPU
	EndGlobalSection
	GlobalSection(ProjectConfigurationPlatforms) = postSolution
		{7313E317-59D9-4ADB-9656-88DA71AF7132}.Debug|Any CPU.ActiveCfg = Debug|Any CPU
		{7313E317-59D9-4ADB-9656-88DA71AF7132}.Debug|Any CPU.Build.0 = Debug|Any CPU
		{7313E317-59D9-4ADB-9656-88DA71AF7132}.Release|Any CPU.ActiveCfg = Release|Any CPU
		{7313E317-59D9-4ADB-9656-88DA71AF7132}.Release|Any CPU.Build.0 = Release|Any CPU
	EndGlobalSection
	GlobalSection(SolutionProperties) = preSolution
		HideSolutionNode = FALSE
	EndGlobalSection
	GlobalSection(ExtensibilityGlobals) = postSolution
		SolutionGuid = {54FEFC97-D9D2-440C-BEA0-D1E3C3F6AEF3}
	EndGlobalSection
EndGlobal
